// !$*UTF8*$!
{
	archiveVersion = 1;
	classes = {
	};
	objectVersion = 56;
	objects = {

/* Begin PBXBuildFile section */
		BDA2025F2C53B10100D686EA /* stardewValleyQuizApp.swift in Sources */ = {isa = PBXBuildFile; fileRef = BDA2025E2C53B10100D686EA /* stardewValleyQuizApp.swift */; };
		BDA202612C53B10100D686EA /* ContentView.swift in Sources */ = {isa = PBXBuildFile; fileRef = BDA202602C53B10100D686EA /* ContentView.swift */; };
		BDA202632C53B10200D686EA /* Assets.xcassets in Resources */ = {isa = PBXBuildFile; fileRef = BDA202622C53B10200D686EA /* Assets.xcassets */; };
		BDA202662C53B10200D686EA /* Preview Assets.xcassets in Resources */ = {isa = PBXBuildFile; fileRef = BDA202652C53B10200D686EA /* Preview Assets.xcassets */; };
		BDA202702C53B10200D686EA /* stardewValleyQuizTests.swift in Sources */ = {isa = PBXBuildFile; fileRef = BDA2026F2C53B10200D686EA /* stardewValleyQuizTests.swift */; };
		BDA2027A2C53B10200D686EA /* stardewValleyQuizUITests.swift in Sources */ = {isa = PBXBuildFile; fileRef = BDA202792C53B10200D686EA /* stardewValleyQuizUITests.swift */; };
		BDA2027C2C53B10200D686EA /* stardewValleyQuizUITestsLaunchTests.swift in Sources */ = {isa = PBXBuildFile; fileRef = BDA2027B2C53B10200D686EA /* stardewValleyQuizUITestsLaunchTests.swift */; };
		BDA202892C53B20800D686EA /* firstQuestion.swift in Sources */ = {isa = PBXBuildFile; fileRef = BDA202882C53B20800D686EA /* firstQuestion.swift */; };
		BDA2028B2C53B46800D686EA /* secondQuestion.swift in Sources */ = {isa = PBXBuildFile; fileRef = BDA2028A2C53B46800D686EA /* secondQuestion.swift */; };
/* End PBXBuildFile section */

/* Begin PBXContainerItemProxy section */
		BDA2026C2C53B10200D686EA /* PBXContainerItemProxy */ = {
			isa = PBXContainerItemProxy;
			containerPortal = BDA202532C53B10100D686EA /* Project object */;
			proxyType = 1;
			remoteGlobalIDString = BDA2025A2C53B10100D686EA;
			remoteInfo = stardewValleyQuiz;
		};
		BDA202762C53B10200D686EA /* PBXContainerItemProxy */ = {
			isa = PBXContainerItemProxy;
			containerPortal = BDA202532C53B10100D686EA /* Project object */;
			proxyType = 1;
			remoteGlobalIDString = BDA2025A2C53B10100D686EA;
			remoteInfo = stardewValleyQuiz;
		};
/* End PBXContainerItemProxy section */

/* Begin PBXFileReference section */
		BDA2025B2C53B10100D686EA /* stardewValleyQuiz.app */ = {isa = PBXFileReference; explicitFileType = wrapper.application; includeInIndex = 0; path = stardewValleyQuiz.app; sourceTree = BUILT_PRODUCTS_DIR; };
		BDA2025E2C53B10100D686EA /* stardewValleyQuizApp.swift */ = {isa = PBXFileReference; lastKnownFileType = sourcecode.swift; path = stardewValleyQuizApp.swift; sourceTree = "<group>"; };
		BDA202602C53B10100D686EA /* ContentView.swift */ = {isa = PBXFileReference; lastKnownFileType = sourcecode.swift; path = ContentView.swift; sourceTree = "<group>"; };
		BDA202622C53B10200D686EA /* Assets.xcassets */ = {isa = PBXFileReference; lastKnownFileType = folder.assetcatalog; path = Assets.xcassets; sourceTree = "<group>"; };
		BDA202652C53B10200D686EA /* Preview Assets.xcassets */ = {isa = PBXFileReference; lastKnownFileType = folder.assetcatalog; path = "Preview Assets.xcassets"; sourceTree = "<group>"; };
		BDA2026B2C53B10200D686EA /* stardewValleyQuizTests.xctest */ = {isa = PBXFileReference; explicitFileType = wrapper.cfbundle; includeInIndex = 0; path = stardewValleyQuizTests.xctest; sourceTree = BUILT_PRODUCTS_DIR; };
		BDA2026F2C53B10200D686EA /* stardewValleyQuizTests.swift */ = {isa = PBXFileReference; lastKnownFileType = sourcecode.swift; path = stardewValleyQuizTests.swift; sourceTree = "<group>"; };
		BDA202752C53B10200D686EA /* stardewValleyQuizUITests.xctest */ = {isa = PBXFileReference; explicitFileType = wrapper.cfbundle; includeInIndex = 0; path = stardewValleyQuizUITests.xctest; sourceTree = BUILT_PRODUCTS_DIR; };
		BDA202792C53B10200D686EA /* stardewValleyQuizUITests.swift */ = {isa = PBXFileReference; lastKnownFileType = sourcecode.swift; path = stardewValleyQuizUITests.swift; sourceTree = "<group>"; };
		BDA2027B2C53B10200D686EA /* stardewValleyQuizUITestsLaunchTests.swift */ = {isa = PBXFileReference; lastKnownFileType = sourcecode.swift; path = stardewValleyQuizUITestsLaunchTests.swift; sourceTree = "<group>"; };
		BDA202882C53B20800D686EA /* firstQuestion.swift */ = {isa = PBXFileReference; lastKnownFileType = sourcecode.swift; path = firstQuestion.swift; sourceTree = "<group>"; };
		BDA2028A2C53B46800D686EA /* secondQuestion.swift */ = {isa = PBXFileReference; lastKnownFileType = sourcecode.swift; path = secondQuestion.swift; sourceTree = "<group>"; };
/* End PBXFileReference section */

/* Begin PBXFrameworksBuildPhase section */
		BDA202582C53B10100D686EA /* Frameworks */ = {
			isa = PBXFrameworksBuildPhase;
			buildActionMask = 2147483647;
			files = (
			);
			runOnlyForDeploymentPostprocessing = 0;
		};
		BDA202682C53B10200D686EA /* Frameworks */ = {
			isa = PBXFrameworksBuildPhase;
			buildActionMask = 2147483647;
			files = (
			);
			runOnlyForDeploymentPostprocessing = 0;
		};
		BDA202722C53B10200D686EA /* Frameworks */ = {
			isa = PBXFrameworksBuildPhase;
			buildActionMask = 2147483647;
			files = (
			);
			runOnlyForDeploymentPostprocessing = 0;
		};
/* End PBXFrameworksBuildPhase section */

/* Begin PBXGroup section */
		BDA202522C53B10100D686EA = {
			isa = PBXGroup;
			children = (
				BDA2025D2C53B10100D686EA /* stardewValleyQuiz */,
				BDA2026E2C53B10200D686EA /* stardewValleyQuizTests */,
				BDA202782C53B10200D686EA /* stardewValleyQuizUITests */,
				BDA2025C2C53B10100D686EA /* Products */,
			);
			sourceTree = "<group>";
		};
		BDA2025C2C53B10100D686EA /* Products */ = {
			isa = PBXGroup;
			children = (
				BDA2025B2C53B10100D686EA /* stardewValleyQuiz.app */,
				BDA2026B2C53B10200D686EA /* stardewValleyQuizTests.xctest */,
				BDA202752C53B10200D686EA /* stardewValleyQuizUITests.xctest */,
			);
			name = Products;
			sourceTree = "<group>";
		};
		BDA2025D2C53B10100D686EA /* stardewValleyQuiz */ = {
			isa = PBXGroup;
			children = (
				BDA2025E2C53B10100D686EA /* stardewValleyQuizApp.swift */,
				BDA202602C53B10100D686EA /* ContentView.swift */,
				BDA202882C53B20800D686EA /* firstQuestion.swift */,
				BDA2028A2C53B46800D686EA /* secondQuestion.swift */,
				BDA202622C53B10200D686EA /* Assets.xcassets */,
				BDA202642C53B10200D686EA /* Preview Content */,
			);
			path = stardewValleyQuiz;
			sourceTree = "<group>";
		};
		BDA202642C53B10200D686EA /* Preview Content */ = {
			isa = PBXGroup;
			children = (
				BDA202652C53B10200D686EA /* Preview Assets.xcassets */,
			);
			path = "Preview Content";
			sourceTree = "<group>";
		};
		BDA2026E2C53B10200D686EA /* stardewValleyQuizTests */ = {
			isa = PBXGroup;
			children = (
				BDA2026F2C53B10200D686EA /* stardewValleyQuizTests.swift */,
			);
			path = stardewValleyQuizTests;
			sourceTree = "<group>";
		};
		BDA202782C53B10200D686EA /* stardewValleyQuizUITests */ = {
			isa = PBXGroup;
			children = (
				BDA202792C53B10200D686EA /* stardewValleyQuizUITests.swift */,
				BDA2027B2C53B10200D686EA /* stardewValleyQuizUITestsLaunchTests.swift */,
			);
			path = stardewValleyQuizUITests;
			sourceTree = "<group>";
		};
/* End PBXGroup section */

/* Begin PBXNativeTarget section */
		BDA2025A2C53B10100D686EA /* stardewValleyQuiz */ = {
			isa = PBXNativeTarget;
			buildConfigurationList = BDA2027F2C53B10200D686EA /* Build configuration list for PBXNativeTarget "stardewValleyQuiz" */;
			buildPhases = (
				BDA202572C53B10100D686EA /* Sources */,
				BDA202582C53B10100D686EA /* Frameworks */,
				BDA202592C53B10100D686EA /* Resources */,
			);
			buildRules = (
			);
			dependencies = (
			);
			name = stardewValleyQuiz;
			productName = stardewValleyQuiz;
			productReference = BDA2025B2C53B10100D686EA /* stardewValleyQuiz.app */;
			productType = "com.apple.product-type.application";
		};
		BDA2026A2C53B10200D686EA /* stardewValleyQuizTests */ = {
			isa = PBXNativeTarget;
			buildConfigurationList = BDA202822C53B10200D686EA /* Build configuration list for PBXNativeTarget "stardewValleyQuizTests" */;
			buildPhases = (
				BDA202672C53B10200D686EA /* Sources */,
				BDA202682C53B10200D686EA /* Frameworks */,
				BDA202692C53B10200D686EA /* Resources */,
			);
			buildRules = (
			);
			dependencies = (
				BDA2026D2C53B10200D686EA /* PBXTargetDependency */,
			);
			name = stardewValleyQuizTests;
			productName = stardewValleyQuizTests;
			productReference = BDA2026B2C53B10200D686EA /* stardewValleyQuizTests.xctest */;
			productType = "com.apple.product-type.bundle.unit-test";
		};
		BDA202742C53B10200D686EA /* stardewValleyQuizUITests */ = {
			isa = PBXNativeTarget;
			buildConfigurationList = BDA202852C53B10200D686EA /* Build configuration list for PBXNativeTarget "stardewValleyQuizUITests" */;
			buildPhases = (
				BDA202712C53B10200D686EA /* Sources */,
				BDA202722C53B10200D686EA /* Frameworks */,
				BDA202732C53B10200D686EA /* Resources */,
			);
			buildRules = (
			);
			dependencies = (
				BDA202772C53B10200D686EA /* PBXTargetDependency */,
			);
			name = stardewValleyQuizUITests;
			productName = stardewValleyQuizUITests;
			productReference = BDA202752C53B10200D686EA /* stardewValleyQuizUITests.xctest */;
			productType = "com.apple.product-type.bundle.ui-testing";
		};
/* End PBXNativeTarget section */

/* Begin PBXProject section */
		BDA202532C53B10100D686EA /* Project object */ = {
			isa = PBXProject;
			attributes = {
				BuildIndependentTargetsInParallel = 1;
				LastSwiftUpdateCheck = 1540;
				LastUpgradeCheck = 1540;
				TargetAttributes = {
					BDA2025A2C53B10100D686EA = {
						CreatedOnToolsVersion = 15.4;
					};
					BDA2026A2C53B10200D686EA = {
						CreatedOnToolsVersion = 15.4;
						TestTargetID = BDA2025A2C53B10100D686EA;
					};
					BDA202742C53B10200D686EA = {
						CreatedOnToolsVersion = 15.4;
						TestTargetID = BDA2025A2C53B10100D686EA;
					};
				};
			};
			buildConfigurationList = BDA202562C53B10100D686EA /* Build configuration list for PBXProject "stardewValleyQuiz" */;
			compatibilityVersion = "Xcode 14.0";
			developmentRegion = en;
			hasScannedForEncodings = 0;
			knownRegions = (
				en,
				Base,
			);
			mainGroup = BDA202522C53B10100D686EA;
			productRefGroup = BDA2025C2C53B10100D686EA /* Products */;
			projectDirPath = "";
			projectRoot = "";
			targets = (
				BDA2025A2C53B10100D686EA /* stardewValleyQuiz */,
				BDA2026A2C53B10200D686EA /* stardewValleyQuizTests */,
				BDA202742C53B10200D686EA /* stardewValleyQuizUITests */,
			);
		};
/* End PBXProject section */

/* Begin PBXResourcesBuildPhase section */
		BDA202592C53B10100D686EA /* Resources */ = {
			isa = PBXResourcesBuildPhase;
			buildActionMask = 2147483647;
			files = (
				BDA202662C53B10200D686EA /* Preview Assets.xcassets in Resources */,
				BDA202632C53B10200D686EA /* Assets.xcassets in Resources */,
			);
			runOnlyForDeploymentPostprocessing = 0;
		};
		BDA202692C53B10200D686EA /* Resources */ = {
			isa = PBXResourcesBuildPhase;
			buildActionMask = 2147483647;
			files = (
			);
			runOnlyForDeploymentPostprocessing = 0;
		};
		BDA202732C53B10200D686EA /* Resources */ = {
			isa = PBXResourcesBuildPhase;
			buildActionMask = 2147483647;
			files = (
			);
			runOnlyForDeploymentPostprocessing = 0;
		};
/* End PBXResourcesBuildPhase section */

/* Begin PBXSourcesBuildPhase section */
		BDA202572C53B10100D686EA /* Sources */ = {
			isa = PBXSourcesBuildPhase;
			buildActionMask = 2147483647;
			files = (
				BDA202612C53B10100D686EA /* ContentView.swift in Sources */,
				BDA202892C53B20800D686EA /* firstQuestion.swift in Sources */,
				BDA2025F2C53B10100D686EA /* stardewValleyQuizApp.swift in Sources */,
				BDA2028B2C53B46800D686EA /* secondQuestion.swift in Sources */,
			);
			runOnlyForDeploymentPostprocessing = 0;
		};
		BDA202672C53B10200D686EA /* Sources */ = {
			isa = PBXSourcesBuildPhase;
			buildActionMask = 2147483647;
			files = (
				BDA202702C53B10200D686EA /* stardewValleyQuizTests.swift in Sources */,
			);
			runOnlyForDeploymentPostprocessing = 0;
		};
		BDA202712C53B10200D686EA /* Sources */ = {
			isa = PBXSourcesBuildPhase;
			buildActionMask = 2147483647;
			files = (
				BDA2027A2C53B10200D686EA /* stardewValleyQuizUITests.swift in Sources */,
				BDA2027C2C53B10200D686EA /* stardewValleyQuizUITestsLaunchTests.swift in Sources */,
			);
			runOnlyForDeploymentPostprocessing = 0;
		};
/* End PBXSourcesBuildPhase section */

/* Begin PBXTargetDependency section */
		BDA2026D2C53B10200D686EA /* PBXTargetDependency */ = {
			isa = PBXTargetDependency;
			target = BDA2025A2C53B10100D686EA /* stardewValleyQuiz */;
			targetProxy = BDA2026C2C53B10200D686EA /* PBXContainerItemProxy */;
		};
		BDA202772C53B10200D686EA /* PBXTargetDependency */ = {
			isa = PBXTargetDependency;
			target = BDA2025A2C53B10100D686EA /* stardewValleyQuiz */;
			targetProxy = BDA202762C53B10200D686EA /* PBXContainerItemProxy */;
		};
/* End PBXTargetDependency section */

/* Begin XCBuildConfiguration section */
		BDA2027D2C53B10200D686EA /* Debug */ = {
			isa = XCBuildConfiguration;
			buildSettings = {
				ALWAYS_SEARCH_USER_PATHS = NO;
				ASSETCATALOG_COMPILER_GENERATE_SWIFT_ASSET_SYMBOL_EXTENSIONS = YES;
				CLANG_ANALYZER_NONNULL = YES;
				CLANG_ANALYZER_NUMBER_OBJECT_CONVERSION = YES_AGGRESSIVE;
				CLANG_CXX_LANGUAGE_STANDARD = "gnu++20";
				CLANG_ENABLE_MODULES = YES;
				CLANG_ENABLE_OBJC_ARC = YES;
				CLANG_ENABLE_OBJC_WEAK = YES;
				CLANG_WARN_BLOCK_CAPTURE_AUTORELEASING = YES;
				CLANG_WARN_BOOL_CONVERSION = YES;
				CLANG_WARN_COMMA = YES;
				CLANG_WARN_CONSTANT_CONVERSION = YES;
				CLANG_WARN_DEPRECATED_OBJC_IMPLEMENTATIONS = YES;
				CLANG_WARN_DIRECT_OBJC_ISA_USAGE = YES_ERROR;
				CLANG_WARN_DOCUMENTATION_COMMENTS = YES;
				CLANG_WARN_EMPTY_BODY = YES;
				CLANG_WARN_ENUM_CONVERSION = YES;
				CLANG_WARN_INFINITE_RECURSION = YES;
				CLANG_WARN_INT_CONVERSION = YES;
				CLANG_WARN_NON_LITERAL_NULL_CONVERSION = YES;
				CLANG_WARN_OBJC_IMPLICIT_RETAIN_SELF = YES;
				CLANG_WARN_OBJC_LITERAL_CONVERSION = YES;
				CLANG_WARN_OBJC_ROOT_CLASS = YES_ERROR;
				CLANG_WARN_QUOTED_INCLUDE_IN_FRAMEWORK_HEADER = YES;
				CLANG_WARN_RANGE_LOOP_ANALYSIS = YES;
				CLANG_WARN_STRICT_PROTOTYPES = YES;
				CLANG_WARN_SUSPICIOUS_MOVE = YES;
				CLANG_WARN_UNGUARDED_AVAILABILITY = YES_AGGRESSIVE;
				CLANG_WARN_UNREACHABLE_CODE = YES;
				CLANG_WARN__DUPLICATE_METHOD_MATCH = YES;
				COPY_PHASE_STRIP = NO;
				DEBUG_INFORMATION_FORMAT = dwarf;
				ENABLE_STRICT_OBJC_MSGSEND = YES;
				ENABLE_TESTABILITY = YES;
				ENABLE_USER_SCRIPT_SANDBOXING = YES;
				GCC_C_LANGUAGE_STANDARD = gnu17;
				GCC_DYNAMIC_NO_PIC = NO;
				GCC_NO_COMMON_BLOCKS = YES;
				GCC_OPTIMIZATION_LEVEL = 0;
				GCC_PREPROCESSOR_DEFINITIONS = (
					"DEBUG=1",
					"$(inherited)",
				);
				GCC_WARN_64_TO_32_BIT_CONVERSION = YES;
				GCC_WARN_ABOUT_RETURN_TYPE = YES_ERROR;
				GCC_WARN_UNDECLARED_SELECTOR = YES;
				GCC_WARN_UNINITIALIZED_AUTOS = YES_AGGRESSIVE;
				GCC_WARN_UNUSED_FUNCTION = YES;
				GCC_WARN_UNUSED_VARIABLE = YES;
				IPHONEOS_DEPLOYMENT_TARGET = 17.5;
				LOCALIZATION_PREFERS_STRING_CATALOGS = YES;
				MTL_ENABLE_DEBUG_INFO = INCLUDE_SOURCE;
				MTL_FAST_MATH = YES;
				ONLY_ACTIVE_ARCH = YES;
				SDKROOT = iphoneos;
				SWIFT_ACTIVE_COMPILATION_CONDITIONS = "DEBUG $(inherited)";
				SWIFT_OPTIMIZATION_LEVEL = "-Onone";
			};
			name = Debug;
		};
		BDA2027E2C53B10200D686EA /* Release */ = {
			isa = XCBuildConfiguration;
			buildSettings = {
				ALWAYS_SEARCH_USER_PATHS = NO;
				ASSETCATALOG_COMPILER_GENERATE_SWIFT_ASSET_SYMBOL_EXTENSIONS = YES;
				CLANG_ANALYZER_NONNULL = YES;
				CLANG_ANALYZER_NUMBER_OBJECT_CONVERSION = YES_AGGRESSIVE;
				CLANG_CXX_LANGUAGE_STANDARD = "gnu++20";
				CLANG_ENABLE_MODULES = YES;
				CLANG_ENABLE_OBJC_ARC = YES;
				CLANG_ENABLE_OBJC_WEAK = YES;
				CLANG_WARN_BLOCK_CAPTURE_AUTORELEASING = YES;
				CLANG_WARN_BOOL_CONVERSION = YES;
				CLANG_WARN_COMMA = YES;
				CLANG_WARN_CONSTANT_CONVERSION = YES;
				CLANG_WARN_DEPRECATED_OBJC_IMPLEMENTATIONS = YES;
				CLANG_WARN_DIRECT_OBJC_ISA_USAGE = YES_ERROR;
				CLANG_WARN_DOCUMENTATION_COMMENTS = YES;
				CLANG_WARN_EMPTY_BODY = YES;
				CLANG_WARN_ENUM_CONVERSION = YES;
				CLANG_WARN_INFINITE_RECURSION = YES;
				CLANG_WARN_INT_CONVERSION = YES;
				CLANG_WARN_NON_LITERAL_NULL_CONVERSION = YES;
				CLANG_WARN_OBJC_IMPLICIT_RETAIN_SELF = YES;
				CLANG_WARN_OBJC_LITERAL_CONVERSION = YES;
				CLANG_WARN_OBJC_ROOT_CLASS = YES_ERROR;
				CLANG_WARN_QUOTED_INCLUDE_IN_FRAMEWORK_HEADER = YES;
				CLANG_WARN_RANGE_LOOP_ANALYSIS = YES;
				CLANG_WARN_STRICT_PROTOTYPES = YES;
				CLANG_WARN_SUSPICIOUS_MOVE = YES;
				CLANG_WARN_UNGUARDED_AVAILABILITY = YES_AGGRESSIVE;
				CLANG_WARN_UNREACHABLE_CODE = YES;
				CLANG_WARN__DUPLICATE_METHOD_MATCH = YES;
				COPY_PHASE_STRIP = NO;
				DEBUG_INFORMATION_FORMAT = "dwarf-with-dsym";
				ENABLE_NS_ASSERTIONS = NO;
				ENABLE_STRICT_OBJC_MSGSEND = YES;
				ENABLE_USER_SCRIPT_SANDBOXING = YES;
				GCC_C_LANGUAGE_STANDARD = gnu17;
				GCC_NO_COMMON_BLOCKS = YES;
				GCC_WARN_64_TO_32_BIT_CONVERSION = YES;
				GCC_WARN_ABOUT_RETURN_TYPE = YES_ERROR;
				GCC_WARN_UNDECLARED_SELECTOR = YES;
				GCC_WARN_UNINITIALIZED_AUTOS = YES_AGGRESSIVE;
				GCC_WARN_UNUSED_FUNCTION = YES;
				GCC_WARN_UNUSED_VARIABLE = YES;
				IPHONEOS_DEPLOYMENT_TARGET = 17.5;
				LOCALIZATION_PREFERS_STRING_CATALOGS = YES;
				MTL_ENABLE_DEBUG_INFO = NO;
				MTL_FAST_MATH = YES;
				SDKROOT = iphoneos;
				SWIFT_COMPILATION_MODE = wholemodule;
				VALIDATE_PRODUCT = YES;
			};
			name = Release;
		};
		BDA202802C53B10200D686EA /* Debug */ = {
			isa = XCBuildConfiguration;
			buildSettings = {
				ASSETCATALOG_COMPILER_APPICON_NAME = AppIcon;
				ASSETCATALOG_COMPILER_GLOBAL_ACCENT_COLOR_NAME = AccentColor;
				CODE_SIGN_STYLE = Automatic;
				CURRENT_PROJECT_VERSION = 1;
				DEVELOPMENT_ASSET_PATHS = "\"stardewValleyQuiz/Preview Content\"";
				ENABLE_PREVIEWS = YES;
				GENERATE_INFOPLIST_FILE = YES;
				INFOPLIST_KEY_UIApplicationSceneManifest_Generation = YES;
				INFOPLIST_KEY_UIApplicationSupportsIndirectInputEvents = YES;
				INFOPLIST_KEY_UILaunchScreen_Generation = YES;
				INFOPLIST_KEY_UISupportedInterfaceOrientations_iPad = "UIInterfaceOrientationPortrait UIInterfaceOrientationPortraitUpsideDown UIInterfaceOrientationLandscapeLeft UIInterfaceOrientationLandscapeRight";
				INFOPLIST_KEY_UISupportedInterfaceOrientations_iPhone = "UIInterfaceOrientationPortrait UIInterfaceOrientationLandscapeLeft UIInterfaceOrientationLandscapeRight";
				LD_RUNPATH_SEARCH_PATHS = (
					"$(inherited)",
					"@executable_path/Frameworks",
				);
				MARKETING_VERSION = 1.0;
				PRODUCT_BUNDLE_IDENTIFIER = kwk.stardewValleyQuiz;
				PRODUCT_NAME = "$(TARGET_NAME)";
				SWIFT_EMIT_LOC_STRINGS = YES;
				SWIFT_VERSION = 5.0;
				TARGETED_DEVICE_FAMILY = "1,2";
			};
			name = Debug;
		};
		BDA202812C53B10200D686EA /* Release */ = {
			isa = XCBuildConfiguration;
			buildSettings = {
				ASSETCATALOG_COMPILER_APPICON_NAME = AppIcon;
				ASSETCATALOG_COMPILER_GLOBAL_ACCENT_COLOR_NAME = AccentColor;
				CODE_SIGN_STYLE = Automatic;
				CURRENT_PROJECT_VERSION = 1;
				DEVELOPMENT_ASSET_PATHS = "\"stardewValleyQuiz/Preview Content\"";
				ENABLE_PREVIEWS = YES;
				GENERATE_INFOPLIST_FILE = YES;
				INFOPLIST_KEY_UIApplicationSceneManifest_Generation = YES;
				INFOPLIST_KEY_UIApplicationSupportsIndirectInputEvents = YES;
				INFOPLIST_KEY_UILaunchScreen_Generation = YES;
				INFOPLIST_KEY_UISupportedInterfaceOrientations_iPad = "UIInterfaceOrientationPortrait UIInterfaceOrientationPortraitUpsideDown UIInterfaceOrientationLandscapeLeft UIInterfaceOrientationLandscapeRight";
				INFOPLIST_KEY_UISupportedInterfaceOrientations_iPhone = "UIInterfaceOrientationPortrait UIInterfaceOrientationLandscapeLeft UIInterfaceOrientationLandscapeRight";
				LD_RUNPATH_SEARCH_PATHS = (
					"$(inherited)",
					"@executable_path/Frameworks",
				);
				MARKETING_VERSION = 1.0;
				PRODUCT_BUNDLE_IDENTIFIER = kwk.stardewValleyQuiz;
				PRODUCT_NAME = "$(TARGET_NAME)";
				SWIFT_EMIT_LOC_STRINGS = YES;
				SWIFT_VERSION = 5.0;
				TARGETED_DEVICE_FAMILY = "1,2";
			};
			name = Release;
		};
		BDA202832C53B10200D686EA /* Debug */ = {
			isa = XCBuildConfiguration;
			buildSettings = {
				ALWAYS_EMBED_SWIFT_STANDARD_LIBRARIES = YES;
				BUNDLE_LOADER = "$(TEST_HOST)";
				CODE_SIGN_STYLE = Automatic;
				CURRENT_PROJECT_VERSION = 1;
				GENERATE_INFOPLIST_FILE = YES;
				IPHONEOS_DEPLOYMENT_TARGET = 17.5;
				MARKETING_VERSION = 1.0;
				PRODUCT_BUNDLE_IDENTIFIER = kwk.stardewValleyQuizTests;
				PRODUCT_NAME = "$(TARGET_NAME)";
				SWIFT_EMIT_LOC_STRINGS = NO;
				SWIFT_VERSION = 5.0;
				TARGETED_DEVICE_FAMILY = "1,2";
				TEST_HOST = "$(BUILT_PRODUCTS_DIR)/stardewValleyQuiz.app/$(BUNDLE_EXECUTABLE_FOLDER_PATH)/stardewValleyQuiz";
			};
			name = Debug;
		};
		BDA202842C53B10200D686EA /* Release */ = {
			isa = XCBuildConfiguration;
			buildSettings = {
				ALWAYS_EMBED_SWIFT_STANDARD_LIBRARIES = YES;
				BUNDLE_LOADER = "$(TEST_HOST)";
				CODE_SIGN_STYLE = Automatic;
				CURRENT_PROJECT_VERSION = 1;
				GENERATE_INFOPLIST_FILE = YES;
				IPHONEOS_DEPLOYMENT_TARGET = 17.5;
				MARKETING_VERSION = 1.0;
				PRODUCT_BUNDLE_IDENTIFIER = kwk.stardewValleyQuizTests;
				PRODUCT_NAME = "$(TARGET_NAME)";
				SWIFT_EMIT_LOC_STRINGS = NO;
				SWIFT_VERSION = 5.0;
				TARGETED_DEVICE_FAMILY = "1,2";
				TEST_HOST = "$(BUILT_PRODUCTS_DIR)/stardewValleyQuiz.app/$(BUNDLE_EXECUTABLE_FOLDER_PATH)/stardewValleyQuiz";
			};
			name = Release;
		};
		BDA202862C53B10200D686EA /* Debug */ = {
			isa = XCBuildConfiguration;
			buildSettings = {
				ALWAYS_EMBED_SWIFT_STANDARD_LIBRARIES = YES;
				CODE_SIGN_STYLE = Automatic;
				CURRENT_PROJECT_VERSION = 1;
				GENERATE_INFOPLIST_FILE = YES;
				MARKETING_VERSION = 1.0;
				PRODUCT_BUNDLE_IDENTIFIER = kwk.stardewValleyQuizUITests;
				PRODUCT_NAME = "$(TARGET_NAME)";
				SWIFT_EMIT_LOC_STRINGS = NO;
				SWIFT_VERSION = 5.0;
				TARGETED_DEVICE_FAMILY = "1,2";
				TEST_TARGET_NAME = stardewValleyQuiz;
			};
			name = Debug;
		};
		BDA202872C53B10200D686EA /* Release */ = {
			isa = XCBuildConfiguration;
			buildSettings = {
				ALWAYS_EMBED_SWIFT_STANDARD_LIBRARIES = YES;
				CODE_SIGN_STYLE = Automatic;
				CURRENT_PROJECT_VERSION = 1;
				GENERATE_INFOPLIST_FILE = YES;
				MARKETING_VERSION = 1.0;
				PRODUCT_BUNDLE_IDENTIFIER = kwk.stardewValleyQuizUITests;
				PRODUCT_NAME = "$(TARGET_NAME)";
				SWIFT_EMIT_LOC_STRINGS = NO;
				SWIFT_VERSION = 5.0;
				TARGETED_DEVICE_FAMILY = "1,2";
				TEST_TARGET_NAME = stardewValleyQuiz;
			};
			name = Release;
		};
/* End XCBuildConfiguration section */

/* Begin XCConfigurationList section */
		BDA202562C53B10100D686EA /* Build configuration list for PBXProject "stardewValleyQuiz" */ = {
			isa = XCConfigurationList;
			buildConfigurations = (
				BDA2027D2C53B10200D686EA /* Debug */,
				BDA2027E2C53B10200D686EA /* Release */,
			);
			defaultConfigurationIsVisible = 0;
			defaultConfigurationName = Release;
		};
		BDA2027F2C53B10200D686EA /* Build configuration list for PBXNativeTarget "stardewValleyQuiz" */ = {
			isa = XCConfigurationList;
			buildConfigurations = (
				BDA202802C53B10200D686EA /* Debug */,
				BDA202812C53B10200D686EA /* Release */,
			);
			defaultConfigurationIsVisible = 0;
			defaultConfigurationName = Release;
		};
		BDA202822C53B10200D686EA /* Build configuration list for PBXNativeTarget "stardewValleyQuizTests" */ = {
			isa = XCConfigurationList;
			buildConfigurations = (
				BDA202832C53B10200D686EA /* Debug */,
				BDA202842C53B10200D686EA /* Release */,
			);
			defaultConfigurationIsVisible = 0;
			defaultConfigurationName = Release;
		};
		BDA202852C53B10200D686EA /* Build configuration list for PBXNativeTarget "stardewValleyQuizUITests" */ = {
			isa = XCConfigurationList;
			buildConfigurations = (
				BDA202862C53B10200D686EA /* Debug */,
				BDA202872C53B10200D686EA /* Release */,
			);
			defaultConfigurationIsVisible = 0;
			defaultConfigurationName = Release;
		};
/* End XCConfigurationList section */
	};
	rootObject = BDA202532C53B10100D686EA /* Project object */;
}
